// !$*UTF8*$!
{
	archiveVersion = 1;
	classes = {
	};
	objectVersion = 46;
	objects = {

/* Begin PBXBuildFile section */
		259753FD9FD0991783E3F577 /* Pods_GoCardlessSDK_Tests.framework in Frameworks */ = {isa = PBXBuildFile; fileRef = 0B2A6A515C8BAEA50D442B2D /* Pods_GoCardlessSDK_Tests.framework */; };
		607FACD81AFB9204008FA782 /* ViewController.swift in Sources */ = {isa = PBXBuildFile; fileRef = 607FACD71AFB9204008FA782 /* ViewController.swift */; };
		607FACDB1AFB9204008FA782 /* Main.storyboard in Resources */ = {isa = PBXBuildFile; fileRef = 607FACD91AFB9204008FA782 /* Main.storyboard */; };
		607FACDD1AFB9204008FA782 /* Images.xcassets in Resources */ = {isa = PBXBuildFile; fileRef = 607FACDC1AFB9204008FA782 /* Images.xcassets */; };
		607FACE01AFB9204008FA782 /* LaunchScreen.xib in Resources */ = {isa = PBXBuildFile; fileRef = 607FACDE1AFB9204008FA782 /* LaunchScreen.xib */; };
		607FACEC1AFB9204008FA782 /* BillingRequestServiceTests.swift in Sources */ = {isa = PBXBuildFile; fileRef = 607FACEB1AFB9204008FA782 /* BillingRequestServiceTests.swift */; };
		BB7E4AED3D51B8CAFC75D27D /* Pods_GoCardlessSDK_Example.framework in Frameworks */ = {isa = PBXBuildFile; fileRef = DBD8507F839835DB76BB56CC /* Pods_GoCardlessSDK_Example.framework */; };
		C64FFA0E2B9FC31700CCD674 /* billing_request_direct_debit_only.json in Resources */ = {isa = PBXBuildFile; fileRef = C64FFA0D2B9FC31700CCD674 /* billing_request_direct_debit_only.json */; };
		C64FFA112B9FCCF400CCD674 /* billing_request_payment_only.json in Resources */ = {isa = PBXBuildFile; fileRef = C64FFA0F2B9FCCF400CCD674 /* billing_request_payment_only.json */; };
		C64FFA122B9FCCF400CCD674 /* billing_request_dual_flow.json in Resources */ = {isa = PBXBuildFile; fileRef = C64FFA102B9FCCF400CCD674 /* billing_request_dual_flow.json */; };
		C64FFA202B9FD24F00CCD674 /* BillingRequestFlowServiceTests.swift in Sources */ = {isa = PBXBuildFile; fileRef = C64FFA1F2B9FD24F00CCD674 /* BillingRequestFlowServiceTests.swift */; };
		C64FFA222B9FD3D600CCD674 /* billing_request_flow_success.json in Resources */ = {isa = PBXBuildFile; fileRef = C64FFA212B9FD3D500CCD674 /* billing_request_flow_success.json */; };
		C64FFA242B9FD5CD00CCD674 /* billing_request_flow_error.json in Resources */ = {isa = PBXBuildFile; fileRef = C64FFA232B9FD5CD00CCD674 /* billing_request_flow_error.json */; };
		C6598EF82B63BC7600FF7818 /* CustomerDetailView.swift in Sources */ = {isa = PBXBuildFile; fileRef = C6598EF72B63BC7600FF7818 /* CustomerDetailView.swift */; };
		C68EDC642B96A2B000C7D3AF /* billing_request_error.json in Resources */ = {isa = PBXBuildFile; fileRef = C68EDC5E2B96A2B000C7D3AF /* billing_request_error.json */; };
		C68EDC662B96A2B000C7D3AF /* billing_request_corrupt.json in Resources */ = {isa = PBXBuildFile; fileRef = C68EDC5F2B96A2B000C7D3AF /* billing_request_corrupt.json */; };
		C68EDC682B96A2B000C7D3AF /* billing_request_success.json in Resources */ = {isa = PBXBuildFile; fileRef = C68EDC602B96A2B000C7D3AF /* billing_request_success.json */; };
		C68EDC6A2B96A2B100C7D3AF /* billing_request_error_malformed.json in Resources */ = {isa = PBXBuildFile; fileRef = C68EDC612B96A2B000C7D3AF /* billing_request_error_malformed.json */; };
		C68EDC6C2B96A2B100C7D3AF /* billing_request_success_unknown.json in Resources */ = {isa = PBXBuildFile; fileRef = C68EDC622B96A2B000C7D3AF /* billing_request_success_unknown.json */; };
		C68EDC722B96AB3000C7D3AF /* URLProtocolStub.swift in Sources */ = {isa = PBXBuildFile; fileRef = C68EDC702B96AB3000C7D3AF /* URLProtocolStub.swift */; };
		C68EDC742B96B6FA00C7D3AF /* TestFileManager.swift in Sources */ = {isa = PBXBuildFile; fileRef = C68EDC732B96B6FA00C7D3AF /* TestFileManager.swift */; };
		C68EDC752B96B6FA00C7D3AF /* TestFileManager.swift in Sources */ = {isa = PBXBuildFile; fileRef = C68EDC732B96B6FA00C7D3AF /* TestFileManager.swift */; };
		C68EDC782B971D2800C7D3AF /* TestConstants.swift in Sources */ = {isa = PBXBuildFile; fileRef = C68EDC762B971D2800C7D3AF /* TestConstants.swift */; };
		C69120AB2B61D474000A2241 /* CustomerListView.swift in Sources */ = {isa = PBXBuildFile; fileRef = C69120AA2B61D474000A2241 /* CustomerListView.swift */; };
		C69120AF2B61D67A000A2241 /* ExampleApp.swift in Sources */ = {isa = PBXBuildFile; fileRef = C69120AE2B61D67A000A2241 /* ExampleApp.swift */; };
		C69120B22B61D723000A2241 /* MainView.swift in Sources */ = {isa = PBXBuildFile; fileRef = C69120B12B61D723000A2241 /* MainView.swift */; };
		C69120BC2B626235000A2241 /* MainViewModel.swift in Sources */ = {isa = PBXBuildFile; fileRef = C69120BB2B626235000A2241 /* MainViewModel.swift */; };
		C6ED73F22BBAB11900240DDA /* PaymentServiceTests.swift in Sources */ = {isa = PBXBuildFile; fileRef = C6ED73F12BBAB11900240DDA /* PaymentServiceTests.swift */; };
		C6ED73F42BBAB21F00240DDA /* payment_success.json in Resources */ = {isa = PBXBuildFile; fileRef = C6ED73F32BBAB21F00240DDA /* payment_success.json */; };
		C6F178DE2BAA225C00817E7B /* collect_bank_account.json in Resources */ = {isa = PBXBuildFile; fileRef = C6F178DD2BAA045400817E7B /* collect_bank_account.json */; };
		C6F178E02BAA2C1F00817E7B /* collect_customer_details.json in Resources */ = {isa = PBXBuildFile; fileRef = C6F178DF2BAA2C1F00817E7B /* collect_customer_details.json */; };
		C6F178E22BAA958E00817E7B /* action_fulfil.json in Resources */ = {isa = PBXBuildFile; fileRef = C6F178E12BAA958E00817E7B /* action_fulfil.json */; };
		C6F178E42BAA986700817E7B /* action_cancel.json in Resources */ = {isa = PBXBuildFile; fileRef = C6F178E32BAA986700817E7B /* action_cancel.json */; };
		C6F178E62BAA98FC00817E7B /* action_notify.json in Resources */ = {isa = PBXBuildFile; fileRef = C6F178E52BAA98FC00817E7B /* action_notify.json */; };
/* End PBXBuildFile section */

/* Begin PBXContainerItemProxy section */
		607FACE61AFB9204008FA782 /* PBXContainerItemProxy */ = {
			isa = PBXContainerItemProxy;
			containerPortal = 607FACC81AFB9204008FA782 /* Project object */;
			proxyType = 1;
			remoteGlobalIDString = 607FACCF1AFB9204008FA782;
			remoteInfo = GoCardlessSDK;
		};
/* End PBXContainerItemProxy section */

/* Begin PBXFileReference section */
		0B2A6A515C8BAEA50D442B2D /* Pods_GoCardlessSDK_Tests.framework */ = {isa = PBXFileReference; explicitFileType = wrapper.framework; includeInIndex = 0; path = Pods_GoCardlessSDK_Tests.framework; sourceTree = BUILT_PRODUCTS_DIR; };
		0FF9DD4E480215E5C3CAE8D4 /* Pods-GoCardlessSDK_Example.debug.xcconfig */ = {isa = PBXFileReference; includeInIndex = 1; lastKnownFileType = text.xcconfig; name = "Pods-GoCardlessSDK_Example.debug.xcconfig"; path = "Target Support Files/Pods-GoCardlessSDK_Example/Pods-GoCardlessSDK_Example.debug.xcconfig"; sourceTree = "<group>"; };
		32A610721934451C479A97B0 /* Pods-GoCardlessSDK_Example.release.xcconfig */ = {isa = PBXFileReference; includeInIndex = 1; lastKnownFileType = text.xcconfig; name = "Pods-GoCardlessSDK_Example.release.xcconfig"; path = "Target Support Files/Pods-GoCardlessSDK_Example/Pods-GoCardlessSDK_Example.release.xcconfig"; sourceTree = "<group>"; };
		607FACD01AFB9204008FA782 /* GoCardlessSDK_Example.app */ = {isa = PBXFileReference; explicitFileType = wrapper.application; includeInIndex = 0; path = GoCardlessSDK_Example.app; sourceTree = BUILT_PRODUCTS_DIR; };
		607FACD41AFB9204008FA782 /* Info.plist */ = {isa = PBXFileReference; lastKnownFileType = text.plist.xml; path = Info.plist; sourceTree = "<group>"; };
		607FACD71AFB9204008FA782 /* ViewController.swift */ = {isa = PBXFileReference; lastKnownFileType = sourcecode.swift; path = ViewController.swift; sourceTree = "<group>"; };
		607FACDA1AFB9204008FA782 /* Base */ = {isa = PBXFileReference; lastKnownFileType = file.storyboard; name = Base; path = Base.lproj/Main.storyboard; sourceTree = "<group>"; };
		607FACDC1AFB9204008FA782 /* Images.xcassets */ = {isa = PBXFileReference; lastKnownFileType = folder.assetcatalog; path = Images.xcassets; sourceTree = "<group>"; };
		607FACDF1AFB9204008FA782 /* Base */ = {isa = PBXFileReference; lastKnownFileType = file.xib; name = Base; path = Base.lproj/LaunchScreen.xib; sourceTree = "<group>"; };
		607FACE51AFB9204008FA782 /* GoCardlessSDK_Tests.xctest */ = {isa = PBXFileReference; explicitFileType = wrapper.cfbundle; includeInIndex = 0; path = GoCardlessSDK_Tests.xctest; sourceTree = BUILT_PRODUCTS_DIR; };
		607FACEA1AFB9204008FA782 /* Info.plist */ = {isa = PBXFileReference; lastKnownFileType = text.plist.xml; path = Info.plist; sourceTree = "<group>"; };
		607FACEB1AFB9204008FA782 /* BillingRequestServiceTests.swift */ = {isa = PBXFileReference; lastKnownFileType = sourcecode.swift; path = BillingRequestServiceTests.swift; sourceTree = "<group>"; };
		8072F45D48267AE4CEBACFD3 /* README.md */ = {isa = PBXFileReference; includeInIndex = 1; lastKnownFileType = net.daringfireball.markdown; name = README.md; path = ../README.md; sourceTree = "<group>"; };
		8C23C4B47A35EA2E776F8F25 /* LICENSE */ = {isa = PBXFileReference; includeInIndex = 1; lastKnownFileType = text; name = LICENSE; path = ../LICENSE; sourceTree = "<group>"; };
		9EA55D13E1CFC9630FF45C88 /* Pods-GoCardlessSDK_Tests.debug.xcconfig */ = {isa = PBXFileReference; includeInIndex = 1; lastKnownFileType = text.xcconfig; name = "Pods-GoCardlessSDK_Tests.debug.xcconfig"; path = "Target Support Files/Pods-GoCardlessSDK_Tests/Pods-GoCardlessSDK_Tests.debug.xcconfig"; sourceTree = "<group>"; };
		B8D22E4FEA720574CD38BF68 /* Pods-GoCardlessSDK_Tests.release.xcconfig */ = {isa = PBXFileReference; includeInIndex = 1; lastKnownFileType = text.xcconfig; name = "Pods-GoCardlessSDK_Tests.release.xcconfig"; path = "Target Support Files/Pods-GoCardlessSDK_Tests/Pods-GoCardlessSDK_Tests.release.xcconfig"; sourceTree = "<group>"; };
		C37E2406DA8E3017862D1B9B /* GoCardlessSDK.podspec */ = {isa = PBXFileReference; includeInIndex = 1; lastKnownFileType = text; name = GoCardlessSDK.podspec; path = ../GoCardlessSDK.podspec; sourceTree = "<group>"; xcLanguageSpecificationIdentifier = xcode.lang.ruby; };
		C64FFA0D2B9FC31700CCD674 /* billing_request_direct_debit_only.json */ = {isa = PBXFileReference; fileEncoding = 4; lastKnownFileType = text.json; path = billing_request_direct_debit_only.json; sourceTree = "<group>"; };
		C64FFA0F2B9FCCF400CCD674 /* billing_request_payment_only.json */ = {isa = PBXFileReference; fileEncoding = 4; lastKnownFileType = text.json; path = billing_request_payment_only.json; sourceTree = "<group>"; };
		C64FFA102B9FCCF400CCD674 /* billing_request_dual_flow.json */ = {isa = PBXFileReference; fileEncoding = 4; lastKnownFileType = text.json; path = billing_request_dual_flow.json; sourceTree = "<group>"; };
		C64FFA1F2B9FD24F00CCD674 /* BillingRequestFlowServiceTests.swift */ = {isa = PBXFileReference; lastKnownFileType = sourcecode.swift; path = BillingRequestFlowServiceTests.swift; sourceTree = "<group>"; };
		C64FFA212B9FD3D500CCD674 /* billing_request_flow_success.json */ = {isa = PBXFileReference; fileEncoding = 4; lastKnownFileType = text.json; path = billing_request_flow_success.json; sourceTree = "<group>"; };
		C64FFA232B9FD5CD00CCD674 /* billing_request_flow_error.json */ = {isa = PBXFileReference; fileEncoding = 4; lastKnownFileType = text.json; path = billing_request_flow_error.json; sourceTree = "<group>"; };
		C6598EF72B63BC7600FF7818 /* CustomerDetailView.swift */ = {isa = PBXFileReference; lastKnownFileType = sourcecode.swift; path = CustomerDetailView.swift; sourceTree = "<group>"; };
		C68EDC5E2B96A2B000C7D3AF /* billing_request_error.json */ = {isa = PBXFileReference; fileEncoding = 4; lastKnownFileType = text.json; path = billing_request_error.json; sourceTree = "<group>"; };
		C68EDC5F2B96A2B000C7D3AF /* billing_request_corrupt.json */ = {isa = PBXFileReference; fileEncoding = 4; lastKnownFileType = text.json; path = billing_request_corrupt.json; sourceTree = "<group>"; };
		C68EDC602B96A2B000C7D3AF /* billing_request_success.json */ = {isa = PBXFileReference; fileEncoding = 4; lastKnownFileType = text.json; path = billing_request_success.json; sourceTree = "<group>"; };
		C68EDC612B96A2B000C7D3AF /* billing_request_error_malformed.json */ = {isa = PBXFileReference; fileEncoding = 4; lastKnownFileType = text.json; path = billing_request_error_malformed.json; sourceTree = "<group>"; };
		C68EDC622B96A2B000C7D3AF /* billing_request_success_unknown.json */ = {isa = PBXFileReference; fileEncoding = 4; lastKnownFileType = text.json; path = billing_request_success_unknown.json; sourceTree = "<group>"; };
		C68EDC702B96AB3000C7D3AF /* URLProtocolStub.swift */ = {isa = PBXFileReference; lastKnownFileType = sourcecode.swift; path = URLProtocolStub.swift; sourceTree = "<group>"; };
		C68EDC732B96B6FA00C7D3AF /* TestFileManager.swift */ = {isa = PBXFileReference; lastKnownFileType = sourcecode.swift; path = TestFileManager.swift; sourceTree = "<group>"; };
		C68EDC762B971D2800C7D3AF /* TestConstants.swift */ = {isa = PBXFileReference; lastKnownFileType = sourcecode.swift; path = TestConstants.swift; sourceTree = "<group>"; };
		C69120AA2B61D474000A2241 /* CustomerListView.swift */ = {isa = PBXFileReference; lastKnownFileType = sourcecode.swift; path = CustomerListView.swift; sourceTree = "<group>"; };
		C69120AE2B61D67A000A2241 /* ExampleApp.swift */ = {isa = PBXFileReference; lastKnownFileType = sourcecode.swift; path = ExampleApp.swift; sourceTree = "<group>"; };
		C69120B12B61D723000A2241 /* MainView.swift */ = {isa = PBXFileReference; lastKnownFileType = sourcecode.swift; path = MainView.swift; sourceTree = "<group>"; };
		C69120BB2B626235000A2241 /* MainViewModel.swift */ = {isa = PBXFileReference; lastKnownFileType = sourcecode.swift; path = MainViewModel.swift; sourceTree = "<group>"; };
		C6ED73F12BBAB11900240DDA /* PaymentServiceTests.swift */ = {isa = PBXFileReference; lastKnownFileType = sourcecode.swift; path = PaymentServiceTests.swift; sourceTree = "<group>"; };
		C6ED73F32BBAB21F00240DDA /* payment_success.json */ = {isa = PBXFileReference; lastKnownFileType = text.json; path = payment_success.json; sourceTree = "<group>"; };
		C6F178DD2BAA045400817E7B /* collect_bank_account.json */ = {isa = PBXFileReference; lastKnownFileType = text.json; path = collect_bank_account.json; sourceTree = "<group>"; };
		C6F178DF2BAA2C1F00817E7B /* collect_customer_details.json */ = {isa = PBXFileReference; lastKnownFileType = text.json; path = collect_customer_details.json; sourceTree = "<group>"; };
		C6F178E12BAA958E00817E7B /* action_fulfil.json */ = {isa = PBXFileReference; lastKnownFileType = text.json; path = action_fulfil.json; sourceTree = "<group>"; };
		C6F178E32BAA986700817E7B /* action_cancel.json */ = {isa = PBXFileReference; lastKnownFileType = text.json; path = action_cancel.json; sourceTree = "<group>"; };
		C6F178E52BAA98FC00817E7B /* action_notify.json */ = {isa = PBXFileReference; lastKnownFileType = text.json; path = action_notify.json; sourceTree = "<group>"; };
		DBD8507F839835DB76BB56CC /* Pods_GoCardlessSDK_Example.framework */ = {isa = PBXFileReference; explicitFileType = wrapper.framework; includeInIndex = 0; path = Pods_GoCardlessSDK_Example.framework; sourceTree = BUILT_PRODUCTS_DIR; };
/* End PBXFileReference section */

/* Begin PBXFrameworksBuildPhase section */
		607FACCD1AFB9204008FA782 /* Frameworks */ = {
			isa = PBXFrameworksBuildPhase;
			buildActionMask = 2147483647;
			files = (
				BB7E4AED3D51B8CAFC75D27D /* Pods_GoCardlessSDK_Example.framework in Frameworks */,
			);
			runOnlyForDeploymentPostprocessing = 0;
		};
		607FACE21AFB9204008FA782 /* Frameworks */ = {
			isa = PBXFrameworksBuildPhase;
			buildActionMask = 2147483647;
			files = (
				259753FD9FD0991783E3F577 /* Pods_GoCardlessSDK_Tests.framework in Frameworks */,
			);
			runOnlyForDeploymentPostprocessing = 0;
		};
/* End PBXFrameworksBuildPhase section */

/* Begin PBXGroup section */
		54F47A0F39322B506E59CF62 /* Frameworks */ = {
			isa = PBXGroup;
			children = (
				DBD8507F839835DB76BB56CC /* Pods_GoCardlessSDK_Example.framework */,
				0B2A6A515C8BAEA50D442B2D /* Pods_GoCardlessSDK_Tests.framework */,
			);
			name = Frameworks;
			sourceTree = "<group>";
		};
		607FACC71AFB9204008FA782 = {
			isa = PBXGroup;
			children = (
				607FACF51AFB993E008FA782 /* Podspec Metadata */,
				607FACD21AFB9204008FA782 /* Example for GoCardlessSDK */,
				607FACE81AFB9204008FA782 /* Tests */,
				607FACD11AFB9204008FA782 /* Products */,
				750BE69992CB639F31018839 /* Pods */,
				54F47A0F39322B506E59CF62 /* Frameworks */,
			);
			sourceTree = "<group>";
		};
		607FACD11AFB9204008FA782 /* Products */ = {
			isa = PBXGroup;
			children = (
				607FACD01AFB9204008FA782 /* GoCardlessSDK_Example.app */,
				607FACE51AFB9204008FA782 /* GoCardlessSDK_Tests.xctest */,
			);
			name = Products;
			sourceTree = "<group>";
		};
		607FACD21AFB9204008FA782 /* Example for GoCardlessSDK */ = {
			isa = PBXGroup;
			children = (
				C69120C92B62DD62000A2241 /* Extensions */,
				C69120AC2B61D482000A2241 /* Features */,
				607FACD71AFB9204008FA782 /* ViewController.swift */,
				607FACD91AFB9204008FA782 /* Main.storyboard */,
				607FACDC1AFB9204008FA782 /* Images.xcassets */,
				607FACDE1AFB9204008FA782 /* LaunchScreen.xib */,
				607FACD31AFB9204008FA782 /* Supporting Files */,
				C69120AE2B61D67A000A2241 /* ExampleApp.swift */,
			);
			name = "Example for GoCardlessSDK";
			path = GoCardlessSDK;
			sourceTree = "<group>";
		};
		607FACD31AFB9204008FA782 /* Supporting Files */ = {
			isa = PBXGroup;
			children = (
				607FACD41AFB9204008FA782 /* Info.plist */,
			);
			name = "Supporting Files";
			sourceTree = "<group>";
		};
		607FACE81AFB9204008FA782 /* Tests */ = {
			isa = PBXGroup;
			children = (
				C68EDC6F2B96AB1700C7D3AF /* Util */,
				C68EDC5C2B96A26F00C7D3AF /* Resources */,
				607FACE91AFB9204008FA782 /* Supporting Files */,
				607FACEB1AFB9204008FA782 /* BillingRequestServiceTests.swift */,
				C64FFA1F2B9FD24F00CCD674 /* BillingRequestFlowServiceTests.swift */,
				C6ED73F12BBAB11900240DDA /* PaymentServiceTests.swift */,
			);
			path = Tests;
			sourceTree = "<group>";
		};
		607FACE91AFB9204008FA782 /* Supporting Files */ = {
			isa = PBXGroup;
			children = (
				607FACEA1AFB9204008FA782 /* Info.plist */,
			);
			name = "Supporting Files";
			sourceTree = "<group>";
		};
		607FACF51AFB993E008FA782 /* Podspec Metadata */ = {
			isa = PBXGroup;
			children = (
				C37E2406DA8E3017862D1B9B /* GoCardlessSDK.podspec */,
				8072F45D48267AE4CEBACFD3 /* README.md */,
				8C23C4B47A35EA2E776F8F25 /* LICENSE */,
			);
			name = "Podspec Metadata";
			sourceTree = "<group>";
		};
		750BE69992CB639F31018839 /* Pods */ = {
			isa = PBXGroup;
			children = (
				0FF9DD4E480215E5C3CAE8D4 /* Pods-GoCardlessSDK_Example.debug.xcconfig */,
				32A610721934451C479A97B0 /* Pods-GoCardlessSDK_Example.release.xcconfig */,
				9EA55D13E1CFC9630FF45C88 /* Pods-GoCardlessSDK_Tests.debug.xcconfig */,
				B8D22E4FEA720574CD38BF68 /* Pods-GoCardlessSDK_Tests.release.xcconfig */,
			);
			path = Pods;
			sourceTree = "<group>";
		};
		C6598EF62B63BC6200FF7818 /* CustomerDetail */ = {
			isa = PBXGroup;
			children = (
				C6598EF72B63BC7600FF7818 /* CustomerDetailView.swift */,
			);
			name = CustomerDetail;
			sourceTree = "<group>";
		};
		C68EDC5C2B96A26F00C7D3AF /* Resources */ = {
			isa = PBXGroup;
			children = (
				C64FFA232B9FD5CD00CCD674 /* billing_request_flow_error.json */,
				C6F178DD2BAA045400817E7B /* collect_bank_account.json */,
				C64FFA212B9FD3D500CCD674 /* billing_request_flow_success.json */,
				C64FFA102B9FCCF400CCD674 /* billing_request_dual_flow.json */,
				C64FFA0F2B9FCCF400CCD674 /* billing_request_payment_only.json */,
				C64FFA0D2B9FC31700CCD674 /* billing_request_direct_debit_only.json */,
				C68EDC5E2B96A2B000C7D3AF /* billing_request_error.json */,
				C68EDC602B96A2B000C7D3AF /* billing_request_success.json */,
				C68EDC5F2B96A2B000C7D3AF /* billing_request_corrupt.json */,
				C68EDC612B96A2B000C7D3AF /* billing_request_error_malformed.json */,
				C68EDC622B96A2B000C7D3AF /* billing_request_success_unknown.json */,
				C6F178DF2BAA2C1F00817E7B /* collect_customer_details.json */,
				C6F178E12BAA958E00817E7B /* action_fulfil.json */,
				C6F178E32BAA986700817E7B /* action_cancel.json */,
				C6F178E52BAA98FC00817E7B /* action_notify.json */,
				C6ED73F32BBAB21F00240DDA /* payment_success.json */,
			);
			name = Resources;
			sourceTree = "<group>";
		};
		C68EDC6F2B96AB1700C7D3AF /* Util */ = {
			isa = PBXGroup;
			children = (
				C68EDC702B96AB3000C7D3AF /* URLProtocolStub.swift */,
				C68EDC732B96B6FA00C7D3AF /* TestFileManager.swift */,
				C68EDC762B971D2800C7D3AF /* TestConstants.swift */,
			);
			name = Util;
			sourceTree = "<group>";
		};
		C69120AC2B61D482000A2241 /* Features */ = {
			isa = PBXGroup;
			children = (
				C6598EF62B63BC6200FF7818 /* CustomerDetail */,
				C69120B02B61D71A000A2241 /* Main */,
				C69120AD2B61D48C000A2241 /* CustomerList */,
			);
			name = Features;
			sourceTree = "<group>";
		};
		C69120AD2B61D48C000A2241 /* CustomerList */ = {
			isa = PBXGroup;
			children = (
				C69120AA2B61D474000A2241 /* CustomerListView.swift */,
			);
			name = CustomerList;
			sourceTree = "<group>";
		};
		C69120B02B61D71A000A2241 /* Main */ = {
			isa = PBXGroup;
			children = (
				C69120B12B61D723000A2241 /* MainView.swift */,
				C69120BB2B626235000A2241 /* MainViewModel.swift */,
			);
			name = Main;
			sourceTree = "<group>";
		};
		C69120C92B62DD62000A2241 /* Extensions */ = {
			isa = PBXGroup;
			children = (
			);
			name = Extensions;
			sourceTree = "<group>";
		};
/* End PBXGroup section */

/* Begin PBXNativeTarget section */
		607FACCF1AFB9204008FA782 /* GoCardlessSDK_Example */ = {
			isa = PBXNativeTarget;
			buildConfigurationList = 607FACEF1AFB9204008FA782 /* Build configuration list for PBXNativeTarget "GoCardlessSDK_Example" */;
			buildPhases = (
				466C1C23D41421A59ECE2421 /* [CP] Check Pods Manifest.lock */,
				607FACCC1AFB9204008FA782 /* Sources */,
				607FACCD1AFB9204008FA782 /* Frameworks */,
				607FACCE1AFB9204008FA782 /* Resources */,
				FC9F056FD1A7EEE50610F609 /* [CP] Embed Pods Frameworks */,
			);
			buildRules = (
			);
			dependencies = (
			);
			name = GoCardlessSDK_Example;
			productName = GoCardlessSDK;
			productReference = 607FACD01AFB9204008FA782 /* GoCardlessSDK_Example.app */;
			productType = "com.apple.product-type.application";
		};
		607FACE41AFB9204008FA782 /* GoCardlessSDK_Tests */ = {
			isa = PBXNativeTarget;
			buildConfigurationList = 607FACF21AFB9204008FA782 /* Build configuration list for PBXNativeTarget "GoCardlessSDK_Tests" */;
			buildPhases = (
				3BC23F7D7C5540FFB231343E /* [CP] Check Pods Manifest.lock */,
				607FACE11AFB9204008FA782 /* Sources */,
				607FACE21AFB9204008FA782 /* Frameworks */,
				607FACE31AFB9204008FA782 /* Resources */,
				7AFB096B5FEFF6B5BD6EC0AC /* [CP] Embed Pods Frameworks */,
			);
			buildRules = (
			);
			dependencies = (
				607FACE71AFB9204008FA782 /* PBXTargetDependency */,
			);
			name = GoCardlessSDK_Tests;
			productName = Tests;
			productReference = 607FACE51AFB9204008FA782 /* GoCardlessSDK_Tests.xctest */;
			productType = "com.apple.product-type.bundle.unit-test";
		};
/* End PBXNativeTarget section */

/* Begin PBXProject section */
		607FACC81AFB9204008FA782 /* Project object */ = {
			isa = PBXProject;
			attributes = {
				LastSwiftUpdateCheck = 0830;
				LastUpgradeCheck = 0830;
				ORGANIZATIONNAME = CocoaPods;
				TargetAttributes = {
					607FACCF1AFB9204008FA782 = {
						CreatedOnToolsVersion = 6.3.1;
						LastSwiftMigration = 0900;
					};
					607FACE41AFB9204008FA782 = {
						CreatedOnToolsVersion = 6.3.1;
						LastSwiftMigration = 0900;
						TestTargetID = 607FACCF1AFB9204008FA782;
					};
				};
			};
			buildConfigurationList = 607FACCB1AFB9204008FA782 /* Build configuration list for PBXProject "GoCardlessSDK" */;
			compatibilityVersion = "Xcode 3.2";
			developmentRegion = English;
			hasScannedForEncodings = 0;
			knownRegions = (
				English,
				en,
				Base,
			);
			mainGroup = 607FACC71AFB9204008FA782;
			productRefGroup = 607FACD11AFB9204008FA782 /* Products */;
			projectDirPath = "";
			projectRoot = "";
			targets = (
				607FACCF1AFB9204008FA782 /* GoCardlessSDK_Example */,
				607FACE41AFB9204008FA782 /* GoCardlessSDK_Tests */,
			);
		};
/* End PBXProject section */

/* Begin PBXResourcesBuildPhase section */
		607FACCE1AFB9204008FA782 /* Resources */ = {
			isa = PBXResourcesBuildPhase;
			buildActionMask = 2147483647;
			files = (
				607FACDB1AFB9204008FA782 /* Main.storyboard in Resources */,
				607FACE01AFB9204008FA782 /* LaunchScreen.xib in Resources */,
				607FACDD1AFB9204008FA782 /* Images.xcassets in Resources */,
			);
			runOnlyForDeploymentPostprocessing = 0;
		};
		607FACE31AFB9204008FA782 /* Resources */ = {
			isa = PBXResourcesBuildPhase;
			buildActionMask = 2147483647;
			files = (
				C64FFA222B9FD3D600CCD674 /* billing_request_flow_success.json in Resources */,
				C6F178E02BAA2C1F00817E7B /* collect_customer_details.json in Resources */,
				C6F178DE2BAA225C00817E7B /* collect_bank_account.json in Resources */,
				C64FFA112B9FCCF400CCD674 /* billing_request_payment_only.json in Resources */,
				C68EDC6C2B96A2B100C7D3AF /* billing_request_success_unknown.json in Resources */,
				C68EDC6A2B96A2B100C7D3AF /* billing_request_error_malformed.json in Resources */,
				C6ED73F42BBAB21F00240DDA /* payment_success.json in Resources */,
				C6F178E62BAA98FC00817E7B /* action_notify.json in Resources */,
				C64FFA122B9FCCF400CCD674 /* billing_request_dual_flow.json in Resources */,
				C68EDC642B96A2B000C7D3AF /* billing_request_error.json in Resources */,
				C64FFA242B9FD5CD00CCD674 /* billing_request_flow_error.json in Resources */,
				C64FFA0E2B9FC31700CCD674 /* billing_request_direct_debit_only.json in Resources */,
				C68EDC662B96A2B000C7D3AF /* billing_request_corrupt.json in Resources */,
				C6F178E42BAA986700817E7B /* action_cancel.json in Resources */,
				C68EDC682B96A2B000C7D3AF /* billing_request_success.json in Resources */,
				C6F178E22BAA958E00817E7B /* action_fulfil.json in Resources */,
			);
			runOnlyForDeploymentPostprocessing = 0;
		};
/* End PBXResourcesBuildPhase section */

/* Begin PBXShellScriptBuildPhase section */
		3BC23F7D7C5540FFB231343E /* [CP] Check Pods Manifest.lock */ = {
			isa = PBXShellScriptBuildPhase;
			buildActionMask = 2147483647;
			files = (
			);
			inputFileListPaths = (
			);
			inputPaths = (
				"${PODS_PODFILE_DIR_PATH}/Podfile.lock",
				"${PODS_ROOT}/Manifest.lock",
			);
			name = "[CP] Check Pods Manifest.lock";
			outputFileListPaths = (
			);
			outputPaths = (
				"$(DERIVED_FILE_DIR)/Pods-GoCardlessSDK_Tests-checkManifestLockResult.txt",
			);
			runOnlyForDeploymentPostprocessing = 0;
			shellPath = /bin/sh;
			shellScript = "diff \"${PODS_PODFILE_DIR_PATH}/Podfile.lock\" \"${PODS_ROOT}/Manifest.lock\" > /dev/null\nif [ $? != 0 ] ; then\n    # print error to STDERR\n    echo \"error: The sandbox is not in sync with the Podfile.lock. Run 'pod install' or update your CocoaPods installation.\" >&2\n    exit 1\nfi\n# This output is used by Xcode 'outputs' to avoid re-running this script phase.\necho \"SUCCESS\" > \"${SCRIPT_OUTPUT_FILE_0}\"\n";
			showEnvVarsInLog = 0;
		};
		466C1C23D41421A59ECE2421 /* [CP] Check Pods Manifest.lock */ = {
			isa = PBXShellScriptBuildPhase;
			buildActionMask = 2147483647;
			files = (
			);
			inputFileListPaths = (
			);
			inputPaths = (
				"${PODS_PODFILE_DIR_PATH}/Podfile.lock",
				"${PODS_ROOT}/Manifest.lock",
			);
			name = "[CP] Check Pods Manifest.lock";
			outputFileListPaths = (
			);
			outputPaths = (
				"$(DERIVED_FILE_DIR)/Pods-GoCardlessSDK_Example-checkManifestLockResult.txt",
			);
			runOnlyForDeploymentPostprocessing = 0;
			shellPath = /bin/sh;
			shellScript = "diff \"${PODS_PODFILE_DIR_PATH}/Podfile.lock\" \"${PODS_ROOT}/Manifest.lock\" > /dev/null\nif [ $? != 0 ] ; then\n    # print error to STDERR\n    echo \"error: The sandbox is not in sync with the Podfile.lock. Run 'pod install' or update your CocoaPods installation.\" >&2\n    exit 1\nfi\n# This output is used by Xcode 'outputs' to avoid re-running this script phase.\necho \"SUCCESS\" > \"${SCRIPT_OUTPUT_FILE_0}\"\n";
			showEnvVarsInLog = 0;
		};
		7AFB096B5FEFF6B5BD6EC0AC /* [CP] Embed Pods Frameworks */ = {
			isa = PBXShellScriptBuildPhase;
			buildActionMask = 2147483647;
			files = (
			);
			inputPaths = (
				"${PODS_ROOT}/Target Support Files/Pods-GoCardlessSDK_Tests/Pods-GoCardlessSDK_Tests-frameworks.sh",
				"${BUILT_PRODUCTS_DIR}/CwlCatchException/CwlCatchException.framework",
				"${BUILT_PRODUCTS_DIR}/CwlCatchExceptionSupport/CwlCatchExceptionSupport.framework",
				"${BUILT_PRODUCTS_DIR}/CwlMachBadInstructionHandler/CwlMachBadInstructionHandler.framework",
				"${BUILT_PRODUCTS_DIR}/CwlPosixPreconditionTesting/CwlPosixPreconditionTesting.framework",
				"${BUILT_PRODUCTS_DIR}/CwlPreconditionTesting/CwlPreconditionTesting.framework",
				"${BUILT_PRODUCTS_DIR}/Nimble/Nimble.framework",
				"${BUILT_PRODUCTS_DIR}/iOSSnapshotTestCase/FBSnapshotTestCase.framework",
			);
			name = "[CP] Embed Pods Frameworks";
			outputPaths = (
				"${TARGET_BUILD_DIR}/${FRAMEWORKS_FOLDER_PATH}/CwlCatchException.framework",
				"${TARGET_BUILD_DIR}/${FRAMEWORKS_FOLDER_PATH}/CwlCatchExceptionSupport.framework",
				"${TARGET_BUILD_DIR}/${FRAMEWORKS_FOLDER_PATH}/CwlMachBadInstructionHandler.framework",
				"${TARGET_BUILD_DIR}/${FRAMEWORKS_FOLDER_PATH}/CwlPosixPreconditionTesting.framework",
				"${TARGET_BUILD_DIR}/${FRAMEWORKS_FOLDER_PATH}/CwlPreconditionTesting.framework",
				"${TARGET_BUILD_DIR}/${FRAMEWORKS_FOLDER_PATH}/Nimble.framework",
				"${TARGET_BUILD_DIR}/${FRAMEWORKS_FOLDER_PATH}/FBSnapshotTestCase.framework",
			);
			runOnlyForDeploymentPostprocessing = 0;
			shellPath = /bin/sh;
			shellScript = "\"${PODS_ROOT}/Target Support Files/Pods-GoCardlessSDK_Tests/Pods-GoCardlessSDK_Tests-frameworks.sh\"\n";
			showEnvVarsInLog = 0;
		};
		FC9F056FD1A7EEE50610F609 /* [CP] Embed Pods Frameworks */ = {
			isa = PBXShellScriptBuildPhase;
			buildActionMask = 2147483647;
			files = (
			);
			inputPaths = (
				"${PODS_ROOT}/Target Support Files/Pods-GoCardlessSDK_Example/Pods-GoCardlessSDK_Example-frameworks.sh",
				"${BUILT_PRODUCTS_DIR}/GoCardlessSDK/GoCardlessSDK.framework",
			);
			name = "[CP] Embed Pods Frameworks";
			outputPaths = (
				"${TARGET_BUILD_DIR}/${FRAMEWORKS_FOLDER_PATH}/GoCardlessSDK.framework",
			);
			runOnlyForDeploymentPostprocessing = 0;
			shellPath = /bin/sh;
			shellScript = "\"${PODS_ROOT}/Target Support Files/Pods-GoCardlessSDK_Example/Pods-GoCardlessSDK_Example-frameworks.sh\"\n";
			showEnvVarsInLog = 0;
		};
/* End PBXShellScriptBuildPhase section */

/* Begin PBXSourcesBuildPhase section */
		607FACCC1AFB9204008FA782 /* Sources */ = {
			isa = PBXSourcesBuildPhase;
			buildActionMask = 2147483647;
			files = (
				C68EDC742B96B6FA00C7D3AF /* TestFileManager.swift in Sources */,
				C69120BC2B626235000A2241 /* MainViewModel.swift in Sources */,
				607FACD81AFB9204008FA782 /* ViewController.swift in Sources */,
				C69120AF2B61D67A000A2241 /* ExampleApp.swift in Sources */,
				C69120B22B61D723000A2241 /* MainView.swift in Sources */,
				C69120AB2B61D474000A2241 /* CustomerListView.swift in Sources */,
				C6598EF82B63BC7600FF7818 /* CustomerDetailView.swift in Sources */,
			);
			runOnlyForDeploymentPostprocessing = 0;
		};
		607FACE11AFB9204008FA782 /* Sources */ = {
			isa = PBXSourcesBuildPhase;
			buildActionMask = 2147483647;
			files = (
				C64FFA202B9FD24F00CCD674 /* BillingRequestFlowServiceTests.swift in Sources */,
				C68EDC752B96B6FA00C7D3AF /* TestFileManager.swift in Sources */,
				607FACEC1AFB9204008FA782 /* BillingRequestServiceTests.swift in Sources */,
				C68EDC722B96AB3000C7D3AF /* URLProtocolStub.swift in Sources */,
				C6ED73F22BBAB11900240DDA /* PaymentServiceTests.swift in Sources */,
				C68EDC782B971D2800C7D3AF /* TestConstants.swift in Sources */,
			);
			runOnlyForDeploymentPostprocessing = 0;
		};
/* End PBXSourcesBuildPhase section */

/* Begin PBXTargetDependency section */
		607FACE71AFB9204008FA782 /* PBXTargetDependency */ = {
			isa = PBXTargetDependency;
			target = 607FACCF1AFB9204008FA782 /* GoCardlessSDK_Example */;
			targetProxy = 607FACE61AFB9204008FA782 /* PBXContainerItemProxy */;
		};
/* End PBXTargetDependency section */

/* Begin PBXVariantGroup section */
		607FACD91AFB9204008FA782 /* Main.storyboard */ = {
			isa = PBXVariantGroup;
			children = (
				607FACDA1AFB9204008FA782 /* Base */,
			);
			name = Main.storyboard;
			sourceTree = "<group>";
		};
		607FACDE1AFB9204008FA782 /* LaunchScreen.xib */ = {
			isa = PBXVariantGroup;
			children = (
				607FACDF1AFB9204008FA782 /* Base */,
			);
			name = LaunchScreen.xib;
			sourceTree = "<group>";
		};
/* End PBXVariantGroup section */

/* Begin XCBuildConfiguration section */
		607FACED1AFB9204008FA782 /* Debug */ = {
			isa = XCBuildConfiguration;
			buildSettings = {
				ALWAYS_SEARCH_USER_PATHS = NO;
				CLANG_CXX_LANGUAGE_STANDARD = "gnu++0x";
				CLANG_CXX_LIBRARY = "libc++";
				CLANG_ENABLE_MODULES = YES;
				CLANG_ENABLE_OBJC_ARC = YES;
				CLANG_WARN_BLOCK_CAPTURE_AUTORELEASING = YES;
				CLANG_WARN_BOOL_CONVERSION = YES;
				CLANG_WARN_COMMA = YES;
				CLANG_WARN_CONSTANT_CONVERSION = YES;
				CLANG_WARN_DIRECT_OBJC_ISA_USAGE = YES_ERROR;
				CLANG_WARN_EMPTY_BODY = YES;
				CLANG_WARN_ENUM_CONVERSION = YES;
				CLANG_WARN_INFINITE_RECURSION = YES;
				CLANG_WARN_INT_CONVERSION = YES;
				CLANG_WARN_NON_LITERAL_NULL_CONVERSION = YES;
				CLANG_WARN_OBJC_LITERAL_CONVERSION = YES;
				CLANG_WARN_OBJC_ROOT_CLASS = YES_ERROR;
				CLANG_WARN_RANGE_LOOP_ANALYSIS = YES;
				CLANG_WARN_STRICT_PROTOTYPES = YES;
				CLANG_WARN_SUSPICIOUS_MOVE = YES;
				CLANG_WARN_UNREACHABLE_CODE = YES;
				CLANG_WARN__DUPLICATE_METHOD_MATCH = YES;
				"CODE_SIGN_IDENTITY[sdk=iphoneos*]" = "iPhone Developer";
				COPY_PHASE_STRIP = NO;
				DEBUG_INFORMATION_FORMAT = "dwarf-with-dsym";
				ENABLE_STRICT_OBJC_MSGSEND = YES;
				ENABLE_TESTABILITY = YES;
				GCC_C_LANGUAGE_STANDARD = gnu99;
				GCC_DYNAMIC_NO_PIC = NO;
				GCC_NO_COMMON_BLOCKS = YES;
				GCC_OPTIMIZATION_LEVEL = 0;
				GCC_PREPROCESSOR_DEFINITIONS = (
					"DEBUG=1",
					"$(inherited)",
				);
				GCC_SYMBOLS_PRIVATE_EXTERN = NO;
				GCC_WARN_64_TO_32_BIT_CONVERSION = YES;
				GCC_WARN_ABOUT_RETURN_TYPE = YES_ERROR;
				GCC_WARN_UNDECLARED_SELECTOR = YES;
				GCC_WARN_UNINITIALIZED_AUTOS = YES_AGGRESSIVE;
				GCC_WARN_UNUSED_FUNCTION = YES;
				GCC_WARN_UNUSED_VARIABLE = YES;
				IPHONEOS_DEPLOYMENT_TARGET = 16.0;
				MTL_ENABLE_DEBUG_INFO = YES;
				ONLY_ACTIVE_ARCH = YES;
				SDKROOT = iphoneos;
				SWIFT_OPTIMIZATION_LEVEL = "-Onone";
			};
			name = Debug;
		};
		607FACEE1AFB9204008FA782 /* Release */ = {
			isa = XCBuildConfiguration;
			buildSettings = {
				ALWAYS_SEARCH_USER_PATHS = NO;
				CLANG_CXX_LANGUAGE_STANDARD = "gnu++0x";
				CLANG_CXX_LIBRARY = "libc++";
				CLANG_ENABLE_MODULES = YES;
				CLANG_ENABLE_OBJC_ARC = YES;
				CLANG_WARN_BLOCK_CAPTURE_AUTORELEASING = YES;
				CLANG_WARN_BOOL_CONVERSION = YES;
				CLANG_WARN_COMMA = YES;
				CLANG_WARN_CONSTANT_CONVERSION = YES;
				CLANG_WARN_DIRECT_OBJC_ISA_USAGE = YES_ERROR;
				CLANG_WARN_EMPTY_BODY = YES;
				CLANG_WARN_ENUM_CONVERSION = YES;
				CLANG_WARN_INFINITE_RECURSION = YES;
				CLANG_WARN_INT_CONVERSION = YES;
				CLANG_WARN_NON_LITERAL_NULL_CONVERSION = YES;
				CLANG_WARN_OBJC_LITERAL_CONVERSION = YES;
				CLANG_WARN_OBJC_ROOT_CLASS = YES_ERROR;
				CLANG_WARN_RANGE_LOOP_ANALYSIS = YES;
				CLANG_WARN_STRICT_PROTOTYPES = YES;
				CLANG_WARN_SUSPICIOUS_MOVE = YES;
				CLANG_WARN_UNREACHABLE_CODE = YES;
				CLANG_WARN__DUPLICATE_METHOD_MATCH = YES;
				"CODE_SIGN_IDENTITY[sdk=iphoneos*]" = "iPhone Developer";
				COPY_PHASE_STRIP = NO;
				DEBUG_INFORMATION_FORMAT = "dwarf-with-dsym";
				ENABLE_NS_ASSERTIONS = NO;
				ENABLE_STRICT_OBJC_MSGSEND = YES;
				GCC_C_LANGUAGE_STANDARD = gnu99;
				GCC_NO_COMMON_BLOCKS = YES;
				GCC_WARN_64_TO_32_BIT_CONVERSION = YES;
				GCC_WARN_ABOUT_RETURN_TYPE = YES_ERROR;
				GCC_WARN_UNDECLARED_SELECTOR = YES;
				GCC_WARN_UNINITIALIZED_AUTOS = YES_AGGRESSIVE;
				GCC_WARN_UNUSED_FUNCTION = YES;
				GCC_WARN_UNUSED_VARIABLE = YES;
				IPHONEOS_DEPLOYMENT_TARGET = 16.0;
				MTL_ENABLE_DEBUG_INFO = NO;
				SDKROOT = iphoneos;
				SWIFT_OPTIMIZATION_LEVEL = "-Owholemodule";
				VALIDATE_PRODUCT = YES;
			};
			name = Release;
		};
		607FACF01AFB9204008FA782 /* Debug */ = {
			isa = XCBuildConfiguration;
			baseConfigurationReference = 0FF9DD4E480215E5C3CAE8D4 /* Pods-GoCardlessSDK_Example.debug.xcconfig */;
			buildSettings = {
				ASSETCATALOG_COMPILER_APPICON_NAME = AppIcon;
				INFOPLIST_FILE = GoCardlessSDK/Info.plist;
				LD_RUNPATH_SEARCH_PATHS = "$(inherited) @executable_path/Frameworks";
				MODULE_NAME = ExampleApp;
				PRODUCT_BUNDLE_IDENTIFIER = "org.cocoapods.demo.$(PRODUCT_NAME:rfc1034identifier)";
				PRODUCT_NAME = "$(TARGET_NAME)";
				SWIFT_SWIFT3_OBJC_INFERENCE = Default;
				SWIFT_VERSION = 4.0;
			};
			name = Debug;
		};
		607FACF11AFB9204008FA782 /* Release */ = {
			isa = XCBuildConfiguration;
			baseConfigurationReference = 32A610721934451C479A97B0 /* Pods-GoCardlessSDK_Example.release.xcconfig */;
			buildSettings = {
				ASSETCATALOG_COMPILER_APPICON_NAME = AppIcon;
				INFOPLIST_FILE = GoCardlessSDK/Info.plist;
				LD_RUNPATH_SEARCH_PATHS = "$(inherited) @executable_path/Frameworks";
				MODULE_NAME = ExampleApp;
				PRODUCT_BUNDLE_IDENTIFIER = "org.cocoapods.demo.$(PRODUCT_NAME:rfc1034identifier)";
				PRODUCT_NAME = "$(TARGET_NAME)";
				SWIFT_SWIFT3_OBJC_INFERENCE = Default;
				SWIFT_VERSION = 4.0;
			};
			name = Release;
		};
		607FACF31AFB9204008FA782 /* Debug */ = {
			isa = XCBuildConfiguration;
			baseConfigurationReference = 9EA55D13E1CFC9630FF45C88 /* Pods-GoCardlessSDK_Tests.debug.xcconfig */;
			buildSettings = {
				FRAMEWORK_SEARCH_PATHS = (
					"$(PLATFORM_DIR)/Developer/Library/Frameworks",
					"$(inherited)",
				);
				GCC_PREPROCESSOR_DEFINITIONS = (
					"DEBUG=1",
					"$(inherited)",
				);
				INFOPLIST_FILE = Tests/Info.plist;
				LD_RUNPATH_SEARCH_PATHS = "$(inherited) @executable_path/Frameworks @loader_path/Frameworks";
				PRODUCT_BUNDLE_IDENTIFIER = "org.cocoapods.$(PRODUCT_NAME:rfc1034identifier)";
				PRODUCT_NAME = "$(TARGET_NAME)";
				SWIFT_SWIFT3_OBJC_INFERENCE = Default;
				SWIFT_VERSION = 4.0;
				TEST_HOST = "$(BUILT_PRODUCTS_DIR)/GoCardlessSDK_Example.app/GoCardlessSDK_Example";
			};
			name = Debug;
		};
		607FACF41AFB9204008FA782 /* Release */ = {
			isa = XCBuildConfiguration;
			baseConfigurationReference = B8D22E4FEA720574CD38BF68 /* Pods-GoCardlessSDK_Tests.release.xcconfig */;
			buildSettings = {
				FRAMEWORK_SEARCH_PATHS = (
					"$(PLATFORM_DIR)/Developer/Library/Frameworks",
					"$(inherited)",
				);
				INFOPLIST_FILE = Tests/Info.plist;
				LD_RUNPATH_SEARCH_PATHS = "$(inherited) @executable_path/Frameworks @loader_path/Frameworks";
				PRODUCT_BUNDLE_IDENTIFIER = "org.cocoapods.$(PRODUCT_NAME:rfc1034identifier)";
				PRODUCT_NAME = "$(TARGET_NAME)";
				SWIFT_SWIFT3_OBJC_INFERENCE = Default;
				SWIFT_VERSION = 4.0;
				TEST_HOST = "$(BUILT_PRODUCTS_DIR)/GoCardlessSDK_Example.app/GoCardlessSDK_Example";
			};
			name = Release;
		};
/* End XCBuildConfiguration section */

/* Begin XCConfigurationList section */
		607FACCB1AFB9204008FA782 /* Build configuration list for PBXProject "GoCardlessSDK" */ = {
			isa = XCConfigurationList;
			buildConfigurations = (
				607FACED1AFB9204008FA782 /* Debug */,
				607FACEE1AFB9204008FA782 /* Release */,
			);
			defaultConfigurationIsVisible = 0;
			defaultConfigurationName = Release;
		};
		607FACEF1AFB9204008FA782 /* Build configuration list for PBXNativeTarget "GoCardlessSDK_Example" */ = {
			isa = XCConfigurationList;
			buildConfigurations = (
				607FACF01AFB9204008FA782 /* Debug */,
				607FACF11AFB9204008FA782 /* Release */,
			);
			defaultConfigurationIsVisible = 0;
			defaultConfigurationName = Release;
		};
		607FACF21AFB9204008FA782 /* Build configuration list for PBXNativeTarget "GoCardlessSDK_Tests" */ = {
			isa = XCConfigurationList;
			buildConfigurations = (
				607FACF31AFB9204008FA782 /* Debug */,
				607FACF41AFB9204008FA782 /* Release */,
			);
			defaultConfigurationIsVisible = 0;
			defaultConfigurationName = Release;
		};
/* End XCConfigurationList section */
	};
	rootObject = 607FACC81AFB9204008FA782 /* Project object */;
}
